
Microsoft Visual Studio Solution File, Format Version 12.00
# Visual Studio 15
VisualStudioVersion = 15.0.28307.1145
MinimumVisualStudioVersion = 10.0.40219.1
Project("{FAE04EC0-301F-11D3-BF4B-00C04F79EFBC}") = "MyVet.Common", "MyVet.Common\MyVet.Common.csproj", "{73C1534C-32B0-4270-BCD7-E2DEB76AA986}"
EndProject
Project("{FAE04EC0-301F-11D3-BF4B-00C04F79EFBC}") = "MyVet.Web", "MyVet.Web\MyVet.Web.csproj", "{97C4E53A-9E78-4909-8BDD-DECB1CB0F856}"
EndProject
Global
	GlobalSection(SolutionConfigurationPlatforms) = preSolution
		Debug|Any CPU = Debug|Any CPU
		Release|Any CPU = Release|Any CPU
	EndGlobalSection
	GlobalSection(ProjectConfigurationPlatforms) = postSolution
		{73C1534C-32B0-4270-BCD7-E2DEB76AA986}.Debug|Any CPU.ActiveCfg = Debug|Any CPU
		{73C1534C-32B0-4270-BCD7-E2DEB76AA986}.Debug|Any CPU.Build.0 = Debug|Any CPU
		{73C1534C-32B0-4270-BCD7-E2DEB76AA986}.Release|Any CPU.ActiveCfg = Release|Any CPU
		{73C1534C-32B0-4270-BCD7-E2DEB76AA986}.Release|Any CPU.Build.0 = Release|Any CPU
		{97C4E53A-9E78-4909-8BDD-DECB1CB0F856}.Debug|Any CPU.ActiveCfg = Debug|Any CPU
		{97C4E53A-9E78-4909-8BDD-DECB1CB0F856}.Debug|Any CPU.Build.0 = Debug|Any CPU
		{97C4E53A-9E78-4909-8BDD-DECB1CB0F856}.Release|Any CPU.ActiveCfg = Release|Any CPU
		{97C4E53A-9E78-4909-8BDD-DECB1CB0F856}.Release|Any CPU.Build.0 = Release|Any CPU
	EndGlobalSection
	GlobalSection(SolutionProperties) = preSolution
		HideSolutionNode = FALSE
	EndGlobalSection
	GlobalSection(ExtensibilityGlobals) = postSolution
		SolutionGuid = {1CA736C1-23F5-4094-BD6C-03CB2B3DCEA3}
	EndGlobalSection
EndGlobal
